<?xml version="1.0" encoding="UTF-8" standalone="yes" ?>
<CodeBlocks_project_file>
   <FileVersion major="1" minor="6" />
   <Project>
      <Option title="MVCamera" />
      <Option makefile_is_custom="1" />
      <Option compiler="gcc" />
      <Option virtualFolders="CMake Files\;CMake Files\..\;CMake Files\..\..\;CMake Files\..\..\..\;CMake Files\..\..\..\..\;CMake Files\..\..\..\..\..\;CMake Files\..\..\..\..\..\..\;CMake Files\..\..\..\..\..\..\usr\;CMake Files\..\..\..\..\..\..\usr\share\;CMake Files\..\..\..\..\..\..\usr\share\OpenCV\;" />
      <Build>
      <Target title="all">
         <Option working_dir="/home/nvidia/yzchen_ws/cpp-proj/backups/RM_infan_v1/QtBuild" />
         <Option type="4" />
         <MakeCommands>
            <Build command="/usr/bin/make -f &quot;/home/nvidia/yzchen_ws/cpp-proj/backups/RM_infan_v1/QtBuild/Makefile&quot;  VERBOSE=1 all" />
            <CompileFile command="/usr/bin/make -f &quot;/home/nvidia/yzchen_ws/cpp-proj/backups/RM_infan_v1/QtBuild/Makefile&quot;  VERBOSE=1 &quot;$file&quot;" />
            <Clean command="/usr/bin/make -f &quot;/home/nvidia/yzchen_ws/cpp-proj/backups/RM_infan_v1/QtBuild/Makefile&quot;  VERBOSE=1 clean" />
            <DistClean command="/usr/bin/make -f &quot;/home/nvidia/yzchen_ws/cpp-proj/backups/RM_infan_v1/QtBuild/Makefile&quot;  VERBOSE=1 clean" />
         </MakeCommands>
      </Target>
      <Target title="edit_cache">
         <Option working_dir="/home/nvidia/yzchen_ws/cpp-proj/backups/RM_infan_v1/QtBuild" />
         <Option type="4" />
         <MakeCommands>
            <Build command="/usr/bin/make -f &quot;/home/nvidia/yzchen_ws/cpp-proj/backups/RM_infan_v1/QtBuild/Makefile&quot;  VERBOSE=1 edit_cache" />
            <CompileFile command="/usr/bin/make -f &quot;/home/nvidia/yzchen_ws/cpp-proj/backups/RM_infan_v1/QtBuild/Makefile&quot;  VERBOSE=1 &quot;$file&quot;" />
            <Clean command="/usr/bin/make -f &quot;/home/nvidia/yzchen_ws/cpp-proj/backups/RM_infan_v1/QtBuild/Makefile&quot;  VERBOSE=1 clean" />
            <DistClean command="/usr/bin/make -f &quot;/home/nvidia/yzchen_ws/cpp-proj/backups/RM_infan_v1/QtBuild/Makefile&quot;  VERBOSE=1 clean" />
         </MakeCommands>
      </Target>
      <Target title="rebuild_cache">
         <Option working_dir="/home/nvidia/yzchen_ws/cpp-proj/backups/RM_infan_v1/QtBuild" />
         <Option type="4" />
         <MakeCommands>
            <Build command="/usr/bin/make -f &quot;/home/nvidia/yzchen_ws/cpp-proj/backups/RM_infan_v1/QtBuild/Makefile&quot;  VERBOSE=1 rebuild_cache" />
            <CompileFile command="/usr/bin/make -f &quot;/home/nvidia/yzchen_ws/cpp-proj/backups/RM_infan_v1/QtBuild/Makefile&quot;  VERBOSE=1 &quot;$file&quot;" />
            <Clean command="/usr/bin/make -f &quot;/home/nvidia/yzchen_ws/cpp-proj/backups/RM_infan_v1/QtBuild/Makefile&quot;  VERBOSE=1 clean" />
            <DistClean command="/usr/bin/make -f &quot;/home/nvidia/yzchen_ws/cpp-proj/backups/RM_infan_v1/QtBuild/Makefile&quot;  VERBOSE=1 clean" />
         </MakeCommands>
      </Target>
      <Target title="test_mv">
         <Option output="/home/nvidia/yzchen_ws/cpp-proj/backups/RM_infan_v1/QtBuild/test_mv" prefix_auto="0" extension_auto="0" />
         <Option working_dir="/home/nvidia/yzchen_ws/cpp-proj/backups/RM_infan_v1/QtBuild" />
         <Option object_output="./" />
         <Option type="1" />
         <Option compiler="gcc" />
         <Compiler>
            <Add directory="/home/nvidia/yzchen_ws/cpp-proj/backups/RM_infan_v1/include" />
            <Add directory="/usr/include" />
            <Add directory="/usr/include/aarch64-linux-gnu" />
            <Add directory="/usr/include/aarch64-linux-gnu/c++/5" />
            <Add directory="/usr/include/c++/5" />
            <Add directory="/usr/include/c++/5/backward" />
            <Add directory="/usr/include/opencv" />
            <Add directory="/usr/lib/gcc/aarch64-linux-gnu/5/include" />
            <Add directory="/usr/lib/gcc/aarch64-linux-gnu/5/include-fixed" />
            <Add directory="/usr/local/include" />
         </Compiler>
         <MakeCommands>
            <Build command="/usr/bin/make -f &quot;/home/nvidia/yzchen_ws/cpp-proj/backups/RM_infan_v1/QtBuild/Makefile&quot;  VERBOSE=1 test_mv" />
            <CompileFile command="/usr/bin/make -f &quot;/home/nvidia/yzchen_ws/cpp-proj/backups/RM_infan_v1/QtBuild/Makefile&quot;  VERBOSE=1 &quot;$file&quot;" />
            <Clean command="/usr/bin/make -f &quot;/home/nvidia/yzchen_ws/cpp-proj/backups/RM_infan_v1/QtBuild/Makefile&quot;  VERBOSE=1 clean" />
            <DistClean command="/usr/bin/make -f &quot;/home/nvidia/yzchen_ws/cpp-proj/backups/RM_infan_v1/QtBuild/Makefile&quot;  VERBOSE=1 clean" />
         </MakeCommands>
      </Target>
      <Target title="test_mv/fast">
         <Option output="/home/nvidia/yzchen_ws/cpp-proj/backups/RM_infan_v1/QtBuild/test_mv" prefix_auto="0" extension_auto="0" />
         <Option working_dir="/home/nvidia/yzchen_ws/cpp-proj/backups/RM_infan_v1/QtBuild" />
         <Option object_output="./" />
         <Option type="1" />
         <Option compiler="gcc" />
         <Compiler>
            <Add directory="/home/nvidia/yzchen_ws/cpp-proj/backups/RM_infan_v1/include" />
            <Add directory="/usr/include" />
            <Add directory="/usr/include/aarch64-linux-gnu" />
            <Add directory="/usr/include/aarch64-linux-gnu/c++/5" />
            <Add directory="/usr/include/c++/5" />
            <Add directory="/usr/include/c++/5/backward" />
            <Add directory="/usr/include/opencv" />
            <Add directory="/usr/lib/gcc/aarch64-linux-gnu/5/include" />
            <Add directory="/usr/lib/gcc/aarch64-linux-gnu/5/include-fixed" />
            <Add directory="/usr/local/include" />
         </Compiler>
         <MakeCommands>
            <Build command="/usr/bin/make -f &quot;/home/nvidia/yzchen_ws/cpp-proj/backups/RM_infan_v1/QtBuild/Makefile&quot;  VERBOSE=1 test_mv/fast" />
            <CompileFile command="/usr/bin/make -f &quot;/home/nvidia/yzchen_ws/cpp-proj/backups/RM_infan_v1/QtBuild/Makefile&quot;  VERBOSE=1 &quot;$file&quot;" />
            <Clean command="/usr/bin/make -f &quot;/home/nvidia/yzchen_ws/cpp-proj/backups/RM_infan_v1/QtBuild/Makefile&quot;  VERBOSE=1 clean" />
            <DistClean command="/usr/bin/make -f &quot;/home/nvidia/yzchen_ws/cpp-proj/backups/RM_infan_v1/QtBuild/Makefile&quot;  VERBOSE=1 clean" />
         </MakeCommands>
      </Target>
      </Build>
      <Unit filename="/home/nvidia/yzchen_ws/cpp-proj/backups/RM_infan_v1/src/MVCamera.cpp">
         <Option target="test_mv"/>
      </Unit>
      <Unit filename="/home/nvidia/yzchen_ws/cpp-proj/backups/RM_infan_v1/src/MarkSensor.cpp">
         <Option target="test_mv"/>
      </Unit>
      <Unit filename="/home/nvidia/yzchen_ws/cpp-proj/backups/RM_infan_v1/src/MarkerParams.cpp">
         <Option target="test_mv"/>
      </Unit>
      <Unit filename="/home/nvidia/yzchen_ws/cpp-proj/backups/RM_infan_v1/src/serial.cpp">
         <Option target="test_mv"/>
      </Unit>
      <Unit filename="/home/nvidia/yzchen_ws/cpp-proj/backups/RM_infan_v1/src/templetetracking.cpp">
         <Option target="test_mv"/>
      </Unit>
      <Unit filename="/home/nvidia/yzchen_ws/cpp-proj/backups/RM_infan_v1/src/test_MVCamera.cpp">
         <Option target="test_mv"/>
      </Unit>
      <Unit filename="/home/nvidia/yzchen_ws/cpp-proj/backups/RM_infan_v1/CMakeLists.txt">
          <Option virtualFolder="CMake Files\" />
      </Unit>
      <Unit filename="/home/nvidia/yzchen_ws/cpp-proj/backups/RM_infan_v1/../../../../../../usr/share/OpenCV/OpenCVConfig-version.cmake">
          <Option virtualFolder="CMake Files\..\..\..\..\..\..\usr\share\OpenCV\" />
      </Unit>
      <Unit filename="/home/nvidia/yzchen_ws/cpp-proj/backups/RM_infan_v1/../../../../../../usr/share/OpenCV/OpenCVConfig.cmake">
          <Option virtualFolder="CMake Files\..\..\..\..\..\..\usr\share\OpenCV\" />
      </Unit>
      <Unit filename="/home/nvidia/yzchen_ws/cpp-proj/backups/RM_infan_v1/../../../../../../usr/share/OpenCV/OpenCVModules.cmake">
          <Option virtualFolder="CMake Files\..\..\..\..\..\..\usr\share\OpenCV\" />
      </Unit>
      <Unit filename="/home/nvidia/yzchen_ws/cpp-proj/backups/RM_infan_v1/../../../../../../usr/share/OpenCV/OpenCVModules-release.cmake">
          <Option virtualFolder="CMake Files\..\..\..\..\..\..\usr\share\OpenCV\" />
      </Unit>
   </Project>
</CodeBlocks_project_file>
